{
  "name": "doom-workers",
  "version": "0.0.1",
  "lockfileVersion": 3,
  "requires": true,
  "packages": {
    "": {
      "name": "doom-workers",
      "version": "0.0.1",
      "license": "MIT",
      "devDependencies": {
        "@cloudflare/kv-asset-handler": "^0.1.1",
        "@cloudflare/workers-types": "^4.20230518.0",
        "prettier": "^1.18.2",
        "typescript": "^5.1.3"
      }
    },
    "node_modules/@cloudflare/kv-asset-handler": {
      "version": "0.1.3",
      "resolved": "https://registry.npmjs.org/@cloudflare/kv-asset-handler/-/kv-asset-handler-0.1.3.tgz",
      "integrity": "sha512-FNcunDuTmEfQTLRLtA6zz+buIXUHj1soPvSWzzQFBC+n2lsy+CGf/NIrR3SEPCmsVNQj70/Jx2lViCpq+09YpQ==",
      "dev": true,
      "dependencies": {
        "mime": "^2.5.2"
      }
    },
    "node_modules/@cloudflare/workers-types": {
      "version": "4.20230518.0",
      "resolved": "https://registry.npmjs.org/@cloudflare/workers-types/-/workers-types-4.20230518.0.tgz",
      "integrity": "sha512-A0w1V+5SUawGaaPRlhFhSC/SCDT9oQG8TMoWOKFLA4qbqagELqEAFD4KySBIkeVOvCBLT1DZSYBMCxbXddl0kw==",
      "dev": true
    },
    "node_modules/mime": {
      "version": "2.6.0",
      "resolved": "https://registry.npmjs.org/mime/-/mime-2.6.0.tgz",
      "integrity": "sha512-USPkMeET31rOMiarsBNIHZKLGgvKc/LrjofAnBlOttf5ajRvqiRA8QsenbcooctK6d6Ts6aqZXBA+XbkKthiQg==",
      "dev": true,
      "bin": {
        "mime": "cli.js"
      },
      "engines": {
        "node": ">=4.0.0"
      }
    },
    "node_modules/prettier": {
      "version": "1.19.1",
      "resolved": "https://registry.npmjs.org/prettier/-/prettier-1.19.1.tgz",
      "integrity": "sha512-s7PoyDv/II1ObgQunCbB9PdLmUcBZcnWOcxDh7O0N/UwDEsHyqkW+Qh28jW+mVuCdx7gLB0BotYI1Y6uI9iyew==",
      "dev": true,
      "bin": {
        "prettier": "bin-prettier.js"
      },
      "engines": {
        "node": ">=4"
      }
    },
    "node_modules/typescript": {
      "version": "5.1.3",
      "resolved": "https://registry.npmjs.org/typescript/-/typescript-5.1.3.tgz",
      "integrity": "sha512-XH627E9vkeqhlZFQuL+UsyAXEnibT0kWR2FWONlr4sTjvxyJYnyefgrkyECLzM5NenmKzRAy2rR/OlYLA1HkZw==",
      "dev": true,
      "bin": {
        "tsc": "bin/tsc",
        "tsserver": "bin/tsserver"
      },
      "engines": {
        "node": ">=14.17"
      }
    }
  }
}
